
Microsoft Visual Studio Solution File, Format Version 12.00
# Visual Studio Version 17
VisualStudioVersion = 17.5.33516.290
MinimumVisualStudioVersion = 10.0.40219.1
Project("{FAE04EC0-301F-11D3-BF4B-00C04F79EFBC}") = "GraphQLTestWebProject", "GraphQLTestWebProject\GraphQLTestWebProject.csproj", "{6B11E76D-75E0-4CEE-9DD2-9ADEF2BE27BC}"
EndProject
Global
	GlobalSection(SolutionConfigurationPlatforms) = preSolution
		Debug|Any CPU = Debug|Any CPU
		Release|Any CPU = Release|Any CPU
	EndGlobalSection
	GlobalSection(ProjectConfigurationPlatforms) = postSolution
		{6B11E76D-75E0-4CEE-9DD2-9ADEF2BE27BC}.Debug|Any CPU.ActiveCfg = Debug|Any CPU
		{6B11E76D-75E0-4CEE-9DD2-9ADEF2BE27BC}.Debug|Any CPU.Build.0 = Debug|Any CPU
		{6B11E76D-75E0-4CEE-9DD2-9ADEF2BE27BC}.Release|Any CPU.ActiveCfg = Release|Any CPU
		{6B11E76D-75E0-4CEE-9DD2-9ADEF2BE27BC}.Release|Any CPU.Build.0 = Release|Any CPU
	EndGlobalSection
	GlobalSection(SolutionProperties) = preSolution
		HideSolutionNode = FALSE
	EndGlobalSection
	GlobalSection(ExtensibilityGlobals) = postSolution
		SolutionGuid = {4C75885C-2DEA-4FB4-B994-755BC177FB69}
	EndGlobalSection
EndGlobal
